<?xml version="1.0" encoding="utf-8"?>
<Project ToolsVersion="4.0" xmlns="http://schemas.microsoft.com/developer/msbuild/2003">
  <ItemGroup>
    <Filter Include="homework">
      <UniqueIdentifier>{4ed0b642-5576-4df1-af9e-99f9557e304f}</UniqueIdentifier>
    </Filter>
    <Filter Include="Lesson">
      <UniqueIdentifier>{5f11c7e2-d698-4748-a4fe-4be216651818}</UniqueIdentifier>
    </Filter>
    <Filter Include="Lesson\01. 프로젝트 생성 + 입출력">
      <UniqueIdentifier>{51b9020a-add4-4587-904d-ad299bfd4367}</UniqueIdentifier>
    </Filter>
    <Filter Include="Lesson\02. 자료형 + 변수 + 난수%28c++%29">
      <UniqueIdentifier>{6d165930-6a4d-4009-9639-2a19344bbc1d}</UniqueIdentifier>
    </Filter>
    <Filter Include="Lesson\03. 연산자+ 반복문">
      <UniqueIdentifier>{444ac815-00db-4459-a651-c0a5b235427b}</UniqueIdentifier>
    </Filter>
    <Filter Include="Lesson\04. 조건문">
      <UniqueIdentifier>{443f5a5d-5556-48fc-ba95-04f956f7da70}</UniqueIdentifier>
    </Filter>
    <Filter Include="Lesson\05. 함수 + 변/상수 + 전처리기">
      <UniqueIdentifier>{514bcc6a-6424-4021-bec4-637197eecf4d}</UniqueIdentifier>
    </Filter>
    <Filter Include="Lesson\06.배열">
      <UniqueIdentifier>{82a61e5c-f7c4-4275-b8ae-7d8358fcc2bc}</UniqueIdentifier>
    </Filter>
    <Filter Include="Lesson\07.삼항연산자 / char / string/오버로딩">
      <UniqueIdentifier>{215439d6-73c3-4edd-93a2-829977c42c9e}</UniqueIdentifier>
    </Filter>
    <Filter Include="Lesson\08.c_enum/구조체">
      <UniqueIdentifier>{dfb423c7-f448-47d4-ade5-9795cb82d50d}</UniqueIdentifier>
    </Filter>
    <Filter Include="homework\연습">
      <UniqueIdentifier>{9f91cc5b-49ee-4fae-8cf9-15189bff0ac5}</UniqueIdentifier>
    </Filter>
    <Filter Include="Lesson\09.포인터">
      <UniqueIdentifier>{6e365494-a795-46c1-a907-8ae333f8f1a9}</UniqueIdentifier>
    </Filter>
    <Filter Include="Lesson\10.클래스">
      <UniqueIdentifier>{a296fa10-83dd-4683-bf53-11b0f9d7d310}</UniqueIdentifier>
    </Filter>
    <Filter Include="Lesson\11.static+상속">
      <UniqueIdentifier>{0796e78c-4473-48ba-8ac7-82e01e19f360}</UniqueIdentifier>
    </Filter>
    <Filter Include="Lesson\12. 가상함수">
      <UniqueIdentifier>{311d4e64-d1f7-42d9-971e-a4cb0f013ca3}</UniqueIdentifier>
    </Filter>
    <Filter Include="Lesson\12. 가상함수\abstract%28추상클래스%29">
      <UniqueIdentifier>{3b635b1a-47c9-4c49-9ab1-d4af5a0da265}</UniqueIdentifier>
    </Filter>
    <Filter Include="Lesson\12. 가상함수\베히클 부모자식">
      <UniqueIdentifier>{f87bf24c-f939-44f6-866a-f75dc5c9eace}</UniqueIdentifier>
    </Filter>
    <Filter Include="homework\12. 0806_03">
      <UniqueIdentifier>{d77c3ef0-dbcf-4875-8c10-52d13eafcc72}</UniqueIdentifier>
    </Filter>
    <Filter Include="homework\12. 0806_03\CPP">
      <UniqueIdentifier>{cd3244f3-0590-463d-a6d9-7c6b0515cfc8}</UniqueIdentifier>
    </Filter>
    <Filter Include="homework\12. 0806_03\헤더">
      <UniqueIdentifier>{3f3cd635-1ec1-4188-a3ea-b7556d197f92}</UniqueIdentifier>
    </Filter>
    <Filter Include="Lesson\13.">
      <UniqueIdentifier>{51b808de-611f-4229-a0f7-c39e8198d948}</UniqueIdentifier>
    </Filter>
  </ItemGroup>
  <ItemGroup>
    <ClCompile Include="Example_01.cpp">
      <Filter>Lesson\01. 프로젝트 생성 + 입출력</Filter>
    </ClCompile>
    <ClCompile Include="Example_02.cpp">
      <Filter>Lesson\02. 자료형 + 변수 + 난수%28c++%29</Filter>
    </ClCompile>
    <ClCompile Include="02. 0717_03.cpp">
      <Filter>homework</Filter>
    </ClCompile>
    <ClCompile Include="02. 0717_02.cpp">
      <Filter>homework</Filter>
    </ClCompile>
    <ClCompile Include="02. 0717_01.cpp">
      <Filter>homework</Filter>
    </ClCompile>
    <ClCompile Include="Example_03.cpp">
      <Filter>Lesson\03. 연산자+ 반복문</Filter>
    </ClCompile>
    <ClCompile Include="03. 0718_01.cpp">
      <Filter>homework</Filter>
    </ClCompile>
    <ClCompile Include="03. 0718_02.cpp">
      <Filter>homework</Filter>
    </ClCompile>
    <ClCompile Include="03. 0718_03.cpp">
      <Filter>homework</Filter>
    </ClCompile>
    <ClCompile Include="03. 0718_04.cpp">
      <Filter>homework</Filter>
    </ClCompile>
    <ClCompile Include="03. 0718_05.cpp">
      <Filter>homework</Filter>
    </ClCompile>
    <ClCompile Include="04. 0719_01.cpp">
      <Filter>homework</Filter>
    </ClCompile>
    <ClCompile Include="04. 0719_02.cpp">
      <Filter>homework</Filter>
    </ClCompile>
    <ClCompile Include="Example_04_B.cpp">
      <Filter>Lesson\04. 조건문</Filter>
    </ClCompile>
    <ClCompile Include="Example_04.cpp">
      <Filter>Lesson\04. 조건문</Filter>
    </ClCompile>
    <ClCompile Include="Example_05.cpp">
      <Filter>Lesson\05. 함수 + 변/상수 + 전처리기</Filter>
    </ClCompile>
    <ClCompile Include="Example_05_b.cpp">
      <Filter>Lesson\05. 함수 + 변/상수 + 전처리기</Filter>
    </ClCompile>
    <ClCompile Include="05. 0722_01.cpp">
      <Filter>homework</Filter>
    </ClCompile>
    <ClCompile Include="05. 0722_02.cpp">
      <Filter>homework</Filter>
    </ClCompile>
    <ClCompile Include="Example_06.cpp">
      <Filter>Lesson\06.배열</Filter>
    </ClCompile>
    <ClCompile Include="06. 0723_01.cpp">
      <Filter>homework</Filter>
    </ClCompile>
    <ClCompile Include="Example_07.cpp">
      <Filter>Lesson\07.삼항연산자 / char / string/오버로딩</Filter>
    </ClCompile>
    <ClCompile Include="Example_07_b.cpp">
      <Filter>Lesson\07.삼항연산자 / char / string/오버로딩</Filter>
    </ClCompile>
    <ClCompile Include="Example_07_c.cpp">
      <Filter>Lesson\07.삼항연산자 / char / string/오버로딩</Filter>
    </ClCompile>
    <ClCompile Include="Example_07_d함수오버로딩.cpp">
      <Filter>Lesson\07.삼항연산자 / char / string/오버로딩</Filter>
    </ClCompile>
    <ClCompile Include="07. 0724_01.cpp">
      <Filter>homework</Filter>
    </ClCompile>
    <ClCompile Include="07. 0724_02.cpp">
      <Filter>homework</Filter>
    </ClCompile>
    <ClCompile Include="C_enum.cpp">
      <Filter>Lesson\08.c_enum/구조체</Filter>
    </ClCompile>
    <ClCompile Include="enum class.cpp">
      <Filter>Lesson\08.c_enum/구조체</Filter>
    </ClCompile>
    <ClCompile Include="구조체.cpp">
      <Filter>Lesson\08.c_enum/구조체</Filter>
    </ClCompile>
    <ClCompile Include="08. 0725_01.cpp">
      <Filter>homework</Filter>
    </ClCompile>
    <ClCompile Include="TEST_0726.cpp">
      <Filter>homework</Filter>
    </ClCompile>
    <ClCompile Include="07. 0724_01 연습.cpp">
      <Filter>homework\연습</Filter>
    </ClCompile>
    <ClCompile Include="07. 0724_02 연습.cpp">
      <Filter>homework\연습</Filter>
    </ClCompile>
    <ClCompile Include="TEST_0726복습.cpp">
      <Filter>homework</Filter>
    </ClCompile>
    <ClCompile Include="0726빙고.cpp">
      <Filter>homework</Filter>
    </ClCompile>
    <ClCompile Include="0726슬라이드.cpp">
      <Filter>homework</Filter>
    </ClCompile>
    <ClCompile Include="1.포인터.cpp">
      <Filter>Lesson\09.포인터</Filter>
    </ClCompile>
    <ClCompile Include="2.포인터.cpp">
      <Filter>Lesson\09.포인터</Filter>
    </ClCompile>
    <ClCompile Include="1.cpp">
      <Filter>Lesson\10.클래스</Filter>
    </ClCompile>
    <ClCompile Include="2.constructor%28생성자%29.cpp">
      <Filter>Lesson\10.클래스</Filter>
    </ClCompile>
    <ClCompile Include="3.소멸자.cpp">
      <Filter>Lesson\10.클래스</Filter>
    </ClCompile>
    <ClCompile Include="4.cpp">
      <Filter>Lesson\10.클래스</Filter>
    </ClCompile>
    <ClCompile Include="10. 0802_02.cpp">
      <Filter>homework</Filter>
    </ClCompile>
    <ClCompile Include="09. 0801_01.cpp">
      <Filter>homework</Filter>
    </ClCompile>
    <ClCompile Include="10. 0802_01.cpp">
      <Filter>homework</Filter>
    </ClCompile>
    <ClCompile Include="랜덤함수 클래스.cpp">
      <Filter>homework\연습</Filter>
    </ClCompile>
    <ClCompile Include="슬라이드 함수.cpp">
      <Filter>homework\연습</Filter>
    </ClCompile>
    <ClCompile Include="1.static.cpp">
      <Filter>Lesson\11.static+상속</Filter>
    </ClCompile>
    <ClCompile Include="2.staticVariable.cpp">
      <Filter>Lesson\11.static+상속</Filter>
    </ClCompile>
    <ClCompile Include="3.얕은,깊은 복사.cpp">
      <Filter>Lesson\11.static+상속</Filter>
    </ClCompile>
    <ClCompile Include="4.상속%281%29.cpp">
      <Filter>Lesson\11.static+상속</Filter>
    </ClCompile>
    <ClCompile Include="4.상속(2).cpp">
      <Filter>Lesson\11.static+상속</Filter>
    </ClCompile>
    <ClCompile Include="PvM main.cpp">
      <Filter>homework\연습</Filter>
    </ClCompile>
    <ClCompile Include="PvM_game.cpp">
      <Filter>homework\연습</Filter>
    </ClCompile>
    <ClCompile Include="111.cpp">
      <Filter>Lesson\12. 가상함수</Filter>
    </ClCompile>
    <ClCompile Include="abstract.cpp">
      <Filter>Lesson\12. 가상함수\abstract%28추상클래스%29</Filter>
    </ClCompile>
    <ClCompile Include="unt.cpp">
      <Filter>Lesson\12. 가상함수\abstract%28추상클래스%29</Filter>
    </ClCompile>
    <ClCompile Include="Player1.cpp">
      <Filter>Lesson\12. 가상함수\abstract%28추상클래스%29</Filter>
    </ClCompile>
    <ClCompile Include="bike.cpp">
      <Filter>Lesson\12. 가상함수\베히클 부모자식</Filter>
    </ClCompile>
    <ClCompile Include="Car.cpp">
      <Filter>Lesson\12. 가상함수\베히클 부모자식</Filter>
    </ClCompile>
    <ClCompile Include="Vehicle.cpp">
      <Filter>Lesson\12. 가상함수\베히클 부모자식</Filter>
    </ClCompile>
    <ClCompile Include="바인딩.cpp">
      <Filter>Lesson\12. 가상함수\베히클 부모자식</Filter>
    </ClCompile>
    <ClCompile Include="과제메인함수.cpp">
      <Filter>homework\12. 0806_03</Filter>
    </ClCompile>
    <ClCompile Include="BattleMaster.cpp">
      <Filter>homework\12. 0806_03\CPP</Filter>
    </ClCompile>
    <ClCompile Include="GunSlinger.cpp">
      <Filter>homework\12. 0806_03\CPP</Filter>
    </ClCompile>
    <ClCompile Include="LostArkClass.cpp">
      <Filter>homework\12. 0806_03\CPP</Filter>
    </ClCompile>
    <ClCompile Include="Blade.cpp">
      <Filter>homework\12. 0806_03\CPP</Filter>
    </ClCompile>
  </ItemGroup>
  <ItemGroup>
    <ClInclude Include="PvM_game.h">
      <Filter>homework\연습</Filter>
    </ClInclude>
    <ClInclude Include="unt.h">
      <Filter>Lesson\12. 가상함수\abstract%28추상클래스%29</Filter>
    </ClInclude>
    <ClInclude Include="Player1.h">
      <Filter>Lesson\12. 가상함수\abstract%28추상클래스%29</Filter>
    </ClInclude>
    <ClInclude Include="bike.h">
      <Filter>Lesson\12. 가상함수\베히클 부모자식</Filter>
    </ClInclude>
    <ClInclude Include="Car.h">
      <Filter>Lesson\12. 가상함수\베히클 부모자식</Filter>
    </ClInclude>
    <ClInclude Include="Vehicle.h">
      <Filter>Lesson\12. 가상함수\베히클 부모자식</Filter>
    </ClInclude>
    <ClInclude Include="BattleMaster.h">
      <Filter>homework\12. 0806_03\헤더</Filter>
    </ClInclude>
    <ClInclude Include="Blade.h">
      <Filter>homework\12. 0806_03\헤더</Filter>
    </ClInclude>
    <ClInclude Include="GunSlinger.h">
      <Filter>homework\12. 0806_03\헤더</Filter>
    </ClInclude>
    <ClInclude Include="LostArkClass.h">
      <Filter>homework\12. 0806_03\헤더</Filter>
    </ClInclude>
  </ItemGroup>
</Project>