
Microsoft Visual Studio Solution File, Format Version 12.00
# Visual Studio Version 17
VisualStudioVersion = 17.9.34728.123
MinimumVisualStudioVersion = 10.0.40219.1
Project("{8BC9CEB8-8B4A-11D0-8D11-00A0C91BC942}") = "상점구성", "상점구성\상점구성.vcxproj", "{297FD99F-121A-4B48-AB80-DFC1ED8F0105}"
EndProject
Global
	GlobalSection(SolutionConfigurationPlatforms) = preSolution
		Debug|x64 = Debug|x64
		Debug|x86 = Debug|x86
		Release|x64 = Release|x64
		Release|x86 = Release|x86
	EndGlobalSection
	GlobalSection(ProjectConfigurationPlatforms) = postSolution
		{297FD99F-121A-4B48-AB80-DFC1ED8F0105}.Debug|x64.ActiveCfg = Debug|x64
		{297FD99F-121A-4B48-AB80-DFC1ED8F0105}.Debug|x64.Build.0 = Debug|x64
		{297FD99F-121A-4B48-AB80-DFC1ED8F0105}.Debug|x86.ActiveCfg = Debug|Win32
		{297FD99F-121A-4B48-AB80-DFC1ED8F0105}.Debug|x86.Build.0 = Debug|Win32
		{297FD99F-121A-4B48-AB80-DFC1ED8F0105}.Release|x64.ActiveCfg = Release|x64
		{297FD99F-121A-4B48-AB80-DFC1ED8F0105}.Release|x64.Build.0 = Release|x64
		{297FD99F-121A-4B48-AB80-DFC1ED8F0105}.Release|x86.ActiveCfg = Release|Win32
		{297FD99F-121A-4B48-AB80-DFC1ED8F0105}.Release|x86.Build.0 = Release|Win32
	EndGlobalSection
	GlobalSection(SolutionProperties) = preSolution
		HideSolutionNode = FALSE
	EndGlobalSection
	GlobalSection(ExtensibilityGlobals) = postSolution
		SolutionGuid = {41C6115D-6C69-4D0F-8F25-CC761FC959AF}
	EndGlobalSection
EndGlobal
